// !$*UTF8*$!
{
	archiveVersion = 1;
	classes = {
	};
	objectVersion = 56;
	objects = {

/* Begin PBXBuildFile section */
		2935A0392AE1E13200DDA81A /* AppDelegate.swift in Sources */ = {isa = PBXBuildFile; fileRef = 2935A0382AE1E13200DDA81A /* AppDelegate.swift */; };
		2935A0422AE1E13200DDA81A /* Assets.xcassets in Resources */ = {isa = PBXBuildFile; fileRef = 2935A0412AE1E13200DDA81A /* Assets.xcassets */; };
		2935A0452AE1E13200DDA81A /* LaunchScreen.storyboard in Resources */ = {isa = PBXBuildFile; fileRef = 2935A0432AE1E13200DDA81A /* LaunchScreen.storyboard */; };
		2935A0532AE1E2B400DDA81A /* ImageManager.swift in Sources */ = {isa = PBXBuildFile; fileRef = 2935A0522AE1E2B400DDA81A /* ImageManager.swift */; };
		2935A0552AE1E50400DDA81A /* BaseViewController.swift in Sources */ = {isa = PBXBuildFile; fileRef = 2935A0542AE1E50400DDA81A /* BaseViewController.swift */; };
		2935A0582AE1E51E00DDA81A /* TabbarController.swift in Sources */ = {isa = PBXBuildFile; fileRef = 2935A0572AE1E51E00DDA81A /* TabbarController.swift */; };
		2935A05A2AE1E55800DDA81A /* TabBarItemType.swift in Sources */ = {isa = PBXBuildFile; fileRef = 2935A0592AE1E55800DDA81A /* TabBarItemType.swift */; };
		2935A05F2AE1E58D00DDA81A /* FavoritesViewController.swift in Sources */ = {isa = PBXBuildFile; fileRef = 2935A05D2AE1E58D00DDA81A /* FavoritesViewController.swift */; };
		2935A0602AE1E58D00DDA81A /* FavoritesViewController.xib in Resources */ = {isa = PBXBuildFile; fileRef = 2935A05E2AE1E58D00DDA81A /* FavoritesViewController.xib */; };
		2935A0632AE1E59800DDA81A /* DiscoverViewController.swift in Sources */ = {isa = PBXBuildFile; fileRef = 2935A0612AE1E59800DDA81A /* DiscoverViewController.swift */; };
		2935A0642AE1E59800DDA81A /* DiscoverViewController.xib in Resources */ = {isa = PBXBuildFile; fileRef = 2935A0622AE1E59800DDA81A /* DiscoverViewController.xib */; };
		2935A0672AE1E72600DDA81A /* UIColor+Ext.swift in Sources */ = {isa = PBXBuildFile; fileRef = 2935A0662AE1E72600DDA81A /* UIColor+Ext.swift */; };
		2935A0692AE1F43C00DDA81A /* GoogleService-Info.plist in Resources */ = {isa = PBXBuildFile; fileRef = 2935A0682AE1F43C00DDA81A /* GoogleService-Info.plist */; };
		2935A06C2AE1F4BD00DDA81A /* FirebaseAuth in Frameworks */ = {isa = PBXBuildFile; productRef = 2935A06B2AE1F4BD00DDA81A /* FirebaseAuth */; };
		2935A06E2AE1F4BD00DDA81A /* FirebaseFirestore in Frameworks */ = {isa = PBXBuildFile; productRef = 2935A06D2AE1F4BD00DDA81A /* FirebaseFirestore */; };
		2935A0702AE1F4D800DDA81A /* FirebaseManager.swift in Sources */ = {isa = PBXBuildFile; fileRef = 2935A06F2AE1F4D800DDA81A /* FirebaseManager.swift */; };
		2935A0732AE1F98300DDA81A /* Content.swift in Sources */ = {isa = PBXBuildFile; fileRef = 2935A0722AE1F98300DDA81A /* Content.swift */; };
		2935A0752AE1F9B400DDA81A /* Category.swift in Sources */ = {isa = PBXBuildFile; fileRef = 2935A0742AE1F9B400DDA81A /* Category.swift */; };
		2935A0772AE1FA1100DDA81A /* DiscoverViewModel.swift in Sources */ = {isa = PBXBuildFile; fileRef = 2935A0762AE1FA1100DDA81A /* DiscoverViewModel.swift */; };
		2935A0792AE1FA1B00DDA81A /* FavoritesViewModel.swift in Sources */ = {isa = PBXBuildFile; fileRef = 2935A0782AE1FA1B00DDA81A /* FavoritesViewModel.swift */; };
		2935A07C2AE2866900DDA81A /* UserDefaultWrapper.swift in Sources */ = {isa = PBXBuildFile; fileRef = 2935A07B2AE2866900DDA81A /* UserDefaultWrapper.swift */; };
		2935A0842AE2892D00DDA81A /* Kingfisher in Frameworks */ = {isa = PBXBuildFile; productRef = 2935A0832AE2892D00DDA81A /* Kingfisher */; };
		2935A0872AE2893C00DDA81A /* Reusable in Frameworks */ = {isa = PBXBuildFile; productRef = 2935A0862AE2893C00DDA81A /* Reusable */; };
		2935A0892AE2894F00DDA81A /* BaseCollectionViewCell.swift in Sources */ = {isa = PBXBuildFile; fileRef = 2935A0882AE2894F00DDA81A /* BaseCollectionViewCell.swift */; };
		2935A08D2AE289BB00DDA81A /* UIImageView+Ext.swift in Sources */ = {isa = PBXBuildFile; fileRef = 2935A08C2AE289BB00DDA81A /* UIImageView+Ext.swift */; };
		2935A0902AE28AF100DDA81A /* BaseView.swift in Sources */ = {isa = PBXBuildFile; fileRef = 2935A08F2AE28AF100DDA81A /* BaseView.swift */; };
		2935A0942AE28B5500DDA81A /* BigImageView.xib in Resources */ = {isa = PBXBuildFile; fileRef = 2935A0932AE28B5500DDA81A /* BigImageView.xib */; };
		2935A0962AE28B6600DDA81A /* BigImageView.swift in Sources */ = {isa = PBXBuildFile; fileRef = 2935A0952AE28B6600DDA81A /* BigImageView.swift */; };
		2935A0982AE28C6200DDA81A /* MoviesManager.swift in Sources */ = {isa = PBXBuildFile; fileRef = 2935A0972AE28C6200DDA81A /* MoviesManager.swift */; };
/* End PBXBuildFile section */

/* Begin PBXFileReference section */
		2935A0352AE1E13200DDA81A /* movie_papcorns_ios.app */ = {isa = PBXFileReference; explicitFileType = wrapper.application; includeInIndex = 0; path = movie_papcorns_ios.app; sourceTree = BUILT_PRODUCTS_DIR; };
		2935A0382AE1E13200DDA81A /* AppDelegate.swift */ = {isa = PBXFileReference; lastKnownFileType = sourcecode.swift; path = AppDelegate.swift; sourceTree = "<group>"; };
		2935A0412AE1E13200DDA81A /* Assets.xcassets */ = {isa = PBXFileReference; lastKnownFileType = folder.assetcatalog; path = Assets.xcassets; sourceTree = "<group>"; };
		2935A0442AE1E13200DDA81A /* Base */ = {isa = PBXFileReference; lastKnownFileType = file.storyboard; name = Base; path = Base.lproj/LaunchScreen.storyboard; sourceTree = "<group>"; };
		2935A0462AE1E13200DDA81A /* Info.plist */ = {isa = PBXFileReference; lastKnownFileType = text.plist.xml; path = Info.plist; sourceTree = "<group>"; };
		2935A0522AE1E2B400DDA81A /* ImageManager.swift */ = {isa = PBXFileReference; lastKnownFileType = sourcecode.swift; path = ImageManager.swift; sourceTree = "<group>"; };
		2935A0542AE1E50400DDA81A /* BaseViewController.swift */ = {isa = PBXFileReference; lastKnownFileType = sourcecode.swift; path = BaseViewController.swift; sourceTree = "<group>"; };
		2935A0572AE1E51E00DDA81A /* TabbarController.swift */ = {isa = PBXFileReference; lastKnownFileType = sourcecode.swift; path = TabbarController.swift; sourceTree = "<group>"; };
		2935A0592AE1E55800DDA81A /* TabBarItemType.swift */ = {isa = PBXFileReference; lastKnownFileType = sourcecode.swift; path = TabBarItemType.swift; sourceTree = "<group>"; };
		2935A05D2AE1E58D00DDA81A /* FavoritesViewController.swift */ = {isa = PBXFileReference; lastKnownFileType = sourcecode.swift; path = FavoritesViewController.swift; sourceTree = "<group>"; };
		2935A05E2AE1E58D00DDA81A /* FavoritesViewController.xib */ = {isa = PBXFileReference; lastKnownFileType = file.xib; path = FavoritesViewController.xib; sourceTree = "<group>"; };
		2935A0612AE1E59800DDA81A /* DiscoverViewController.swift */ = {isa = PBXFileReference; lastKnownFileType = sourcecode.swift; path = DiscoverViewController.swift; sourceTree = "<group>"; };
		2935A0622AE1E59800DDA81A /* DiscoverViewController.xib */ = {isa = PBXFileReference; lastKnownFileType = file.xib; path = DiscoverViewController.xib; sourceTree = "<group>"; };
		2935A0662AE1E72600DDA81A /* UIColor+Ext.swift */ = {isa = PBXFileReference; lastKnownFileType = sourcecode.swift; path = "UIColor+Ext.swift"; sourceTree = "<group>"; };
		2935A0682AE1F43C00DDA81A /* GoogleService-Info.plist */ = {isa = PBXFileReference; fileEncoding = 4; lastKnownFileType = text.plist.xml; path = "GoogleService-Info.plist"; sourceTree = "<group>"; };
		2935A06F2AE1F4D800DDA81A /* FirebaseManager.swift */ = {isa = PBXFileReference; lastKnownFileType = sourcecode.swift; path = FirebaseManager.swift; sourceTree = "<group>"; };
		2935A0722AE1F98300DDA81A /* Content.swift */ = {isa = PBXFileReference; lastKnownFileType = sourcecode.swift; path = Content.swift; sourceTree = "<group>"; };
		2935A0742AE1F9B400DDA81A /* Category.swift */ = {isa = PBXFileReference; lastKnownFileType = sourcecode.swift; path = Category.swift; sourceTree = "<group>"; };
		2935A0762AE1FA1100DDA81A /* DiscoverViewModel.swift */ = {isa = PBXFileReference; lastKnownFileType = sourcecode.swift; path = DiscoverViewModel.swift; sourceTree = "<group>"; };
		2935A0782AE1FA1B00DDA81A /* FavoritesViewModel.swift */ = {isa = PBXFileReference; lastKnownFileType = sourcecode.swift; path = FavoritesViewModel.swift; sourceTree = "<group>"; };
		2935A07B2AE2866900DDA81A /* UserDefaultWrapper.swift */ = {isa = PBXFileReference; lastKnownFileType = sourcecode.swift; path = UserDefaultWrapper.swift; sourceTree = "<group>"; };
		2935A0882AE2894F00DDA81A /* BaseCollectionViewCell.swift */ = {isa = PBXFileReference; lastKnownFileType = sourcecode.swift; path = BaseCollectionViewCell.swift; sourceTree = "<group>"; };
		2935A08C2AE289BB00DDA81A /* UIImageView+Ext.swift */ = {isa = PBXFileReference; lastKnownFileType = sourcecode.swift; path = "UIImageView+Ext.swift"; sourceTree = "<group>"; };
		2935A08F2AE28AF100DDA81A /* BaseView.swift */ = {isa = PBXFileReference; lastKnownFileType = sourcecode.swift; path = BaseView.swift; sourceTree = "<group>"; };
		2935A0932AE28B5500DDA81A /* BigImageView.xib */ = {isa = PBXFileReference; lastKnownFileType = file.xib; path = BigImageView.xib; sourceTree = "<group>"; };
		2935A0952AE28B6600DDA81A /* BigImageView.swift */ = {isa = PBXFileReference; lastKnownFileType = sourcecode.swift; path = BigImageView.swift; sourceTree = "<group>"; };
		2935A0972AE28C6200DDA81A /* MoviesManager.swift */ = {isa = PBXFileReference; lastKnownFileType = sourcecode.swift; path = MoviesManager.swift; sourceTree = "<group>"; };
/* End PBXFileReference section */

/* Begin PBXFrameworksBuildPhase section */
		2935A0322AE1E13200DDA81A /* Frameworks */ = {
			isa = PBXFrameworksBuildPhase;
			buildActionMask = 2147483647;
			files = (
				2935A0842AE2892D00DDA81A /* Kingfisher in Frameworks */,
				2935A06C2AE1F4BD00DDA81A /* FirebaseAuth in Frameworks */,
				2935A06E2AE1F4BD00DDA81A /* FirebaseFirestore in Frameworks */,
				2935A0872AE2893C00DDA81A /* Reusable in Frameworks */,
			);
			runOnlyForDeploymentPostprocessing = 0;
		};
/* End PBXFrameworksBuildPhase section */

/* Begin PBXGroup section */
		2935A02C2AE1E13200DDA81A = {
			isa = PBXGroup;
			children = (
				2935A0372AE1E13200DDA81A /* movie_papcorns_ios */,
				2935A0362AE1E13200DDA81A /* Products */,
			);
			sourceTree = "<group>";
		};
		2935A0362AE1E13200DDA81A /* Products */ = {
			isa = PBXGroup;
			children = (
				2935A0352AE1E13200DDA81A /* movie_papcorns_ios.app */,
			);
			name = Products;
			sourceTree = "<group>";
		};
		2935A0372AE1E13200DDA81A /* movie_papcorns_ios */ = {
			isa = PBXGroup;
			children = (
				2935A0682AE1F43C00DDA81A /* GoogleService-Info.plist */,
				2935A0462AE1E13200DDA81A /* Info.plist */,
				2935A0502AE1E15C00DDA81A /* APP */,
				2935A0652AE1E71C00DDA81A /* Extensions */,
				2935A04E2AE1E14E00DDA81A /* Managers */,
				2935A0712AE1F97700DDA81A /* Models */,
				2935A07A2AE2865C00DDA81A /* Property Wrappers */,
				2935A04F2AE1E15400DDA81A /* UI Components */,
				2935A04C2AE1E14400DDA81A /* Resources */,
				2935A04D2AE1E14A00DDA81A /* Screens */,
			);
			path = movie_papcorns_ios;
			sourceTree = "<group>";
		};
		2935A04C2AE1E14400DDA81A /* Resources */ = {
			isa = PBXGroup;
			children = (
				2935A0412AE1E13200DDA81A /* Assets.xcassets */,
			);
			path = Resources;
			sourceTree = "<group>";
		};
		2935A04D2AE1E14A00DDA81A /* Screens */ = {
			isa = PBXGroup;
			children = (
				2935A0542AE1E50400DDA81A /* BaseViewController.swift */,
				2935A05C2AE1E56B00DDA81A /* Favorites */,
				2935A05B2AE1E56700DDA81A /* Discover */,
				2935A0562AE1E51500DDA81A /* Tabbar */,
				2935A0512AE1E16800DDA81A /* Splash */,
			);
			path = Screens;
			sourceTree = "<group>";
		};
		2935A04E2AE1E14E00DDA81A /* Managers */ = {
			isa = PBXGroup;
			children = (
				2935A0522AE1E2B400DDA81A /* ImageManager.swift */,
				2935A06F2AE1F4D800DDA81A /* FirebaseManager.swift */,
				2935A0972AE28C6200DDA81A /* MoviesManager.swift */,
			);
			path = Managers;
			sourceTree = "<group>";
		};
		2935A04F2AE1E15400DDA81A /* UI Components */ = {
			isa = PBXGroup;
			children = (
				2935A07F2AE2884600DDA81A /* Custom Views */,
				2935A07D2AE2883B00DDA81A /* Collection Cells */,
			);
			path = "UI Components";
			sourceTree = "<group>";
		};
		2935A0502AE1E15C00DDA81A /* APP */ = {
			isa = PBXGroup;
			children = (
				2935A0382AE1E13200DDA81A /* AppDelegate.swift */,
			);
			path = APP;
			sourceTree = "<group>";
		};
		2935A0512AE1E16800DDA81A /* Splash */ = {
			isa = PBXGroup;
			children = (
				2935A0432AE1E13200DDA81A /* LaunchScreen.storyboard */,
			);
			path = Splash;
			sourceTree = "<group>";
		};
		2935A0562AE1E51500DDA81A /* Tabbar */ = {
			isa = PBXGroup;
			children = (
				2935A0572AE1E51E00DDA81A /* TabbarController.swift */,
				2935A0592AE1E55800DDA81A /* TabBarItemType.swift */,
			);
			path = Tabbar;
			sourceTree = "<group>";
		};
		2935A05B2AE1E56700DDA81A /* Discover */ = {
			isa = PBXGroup;
			children = (
				2935A0612AE1E59800DDA81A /* DiscoverViewController.swift */,
				2935A0622AE1E59800DDA81A /* DiscoverViewController.xib */,
				2935A0762AE1FA1100DDA81A /* DiscoverViewModel.swift */,
			);
			path = Discover;
			sourceTree = "<group>";
		};
		2935A05C2AE1E56B00DDA81A /* Favorites */ = {
			isa = PBXGroup;
			children = (
				2935A05D2AE1E58D00DDA81A /* FavoritesViewController.swift */,
				2935A05E2AE1E58D00DDA81A /* FavoritesViewController.xib */,
				2935A0782AE1FA1B00DDA81A /* FavoritesViewModel.swift */,
			);
			path = Favorites;
			sourceTree = "<group>";
		};
		2935A0652AE1E71C00DDA81A /* Extensions */ = {
			isa = PBXGroup;
			children = (
				2935A0662AE1E72600DDA81A /* UIColor+Ext.swift */,
				2935A08C2AE289BB00DDA81A /* UIImageView+Ext.swift */,
			);
			path = Extensions;
			sourceTree = "<group>";
		};
		2935A0712AE1F97700DDA81A /* Models */ = {
			isa = PBXGroup;
			children = (
				2935A0722AE1F98300DDA81A /* Content.swift */,
				2935A0742AE1F9B400DDA81A /* Category.swift */,
			);
			path = Models;
			sourceTree = "<group>";
		};
		2935A07A2AE2865C00DDA81A /* Property Wrappers */ = {
			isa = PBXGroup;
			children = (
				2935A07B2AE2866900DDA81A /* UserDefaultWrapper.swift */,
			);
			path = "Property Wrappers";
			sourceTree = "<group>";
		};
		2935A07D2AE2883B00DDA81A /* Collection Cells */ = {
			isa = PBXGroup;
			children = (
				2935A0882AE2894F00DDA81A /* BaseCollectionViewCell.swift */,
				2935A0812AE288D700DDA81A /* SmallImageCollectionCell */,
				2935A0802AE2885700DDA81A /* BigImageCollectionCell */,
			);
			path = "Collection Cells";
			sourceTree = "<group>";
		};
		2935A07F2AE2884600DDA81A /* Custom Views */ = {
			isa = PBXGroup;
			children = (
				2935A08F2AE28AF100DDA81A /* BaseView.swift */,
				2935A0912AE28B3600DDA81A /* BıgImageView */,
				2935A0922AE28B4500DDA81A /* SmallImageView */,
			);
			path = "Custom Views";
			sourceTree = "<group>";
		};
		2935A0802AE2885700DDA81A /* BigImageCollectionCell */ = {
			isa = PBXGroup;
			children = (
			);
			path = BigImageCollectionCell;
			sourceTree = "<group>";
		};
		2935A0812AE288D700DDA81A /* SmallImageCollectionCell */ = {
			isa = PBXGroup;
			children = (
			);
			path = SmallImageCollectionCell;
			sourceTree = "<group>";
		};
		2935A0912AE28B3600DDA81A /* BıgImageView */ = {
			isa = PBXGroup;
			children = (
				2935A0932AE28B5500DDA81A /* BigImageView.xib */,
				2935A0952AE28B6600DDA81A /* BigImageView.swift */,
			);
			path = "BıgImageView";
			sourceTree = "<group>";
		};
		2935A0922AE28B4500DDA81A /* SmallImageView */ = {
			isa = PBXGroup;
			children = (
			);
			path = SmallImageView;
			sourceTree = "<group>";
		};
/* End PBXGroup section */

/* Begin PBXNativeTarget section */
		2935A0342AE1E13200DDA81A /* movie_papcorns_ios */ = {
			isa = PBXNativeTarget;
			buildConfigurationList = 2935A0492AE1E13200DDA81A /* Build configuration list for PBXNativeTarget "movie_papcorns_ios" */;
			buildPhases = (
				2935A0312AE1E13200DDA81A /* Sources */,
				2935A0322AE1E13200DDA81A /* Frameworks */,
				2935A0332AE1E13200DDA81A /* Resources */,
			);
			buildRules = (
			);
			dependencies = (
			);
			name = movie_papcorns_ios;
			packageProductDependencies = (
				2935A06B2AE1F4BD00DDA81A /* FirebaseAuth */,
				2935A06D2AE1F4BD00DDA81A /* FirebaseFirestore */,
				2935A0832AE2892D00DDA81A /* Kingfisher */,
				2935A0862AE2893C00DDA81A /* Reusable */,
			);
			productName = movie_papcorns_ios;
			productReference = 2935A0352AE1E13200DDA81A /* movie_papcorns_ios.app */;
			productType = "com.apple.product-type.application";
		};
/* End PBXNativeTarget section */

/* Begin PBXProject section */
		2935A02D2AE1E13200DDA81A /* Project object */ = {
			isa = PBXProject;
			attributes = {
				BuildIndependentTargetsInParallel = 1;
				LastSwiftUpdateCheck = 1430;
				LastUpgradeCheck = 1430;
				TargetAttributes = {
					2935A0342AE1E13200DDA81A = {
						CreatedOnToolsVersion = 14.3.1;
					};
				};
			};
			buildConfigurationList = 2935A0302AE1E13200DDA81A /* Build configuration list for PBXProject "movie_papcorns_ios" */;
			compatibilityVersion = "Xcode 14.0";
			developmentRegion = en;
			hasScannedForEncodings = 0;
			knownRegions = (
				en,
				Base,
			);
			mainGroup = 2935A02C2AE1E13200DDA81A;
			packageReferences = (
				2935A06A2AE1F4BD00DDA81A /* XCRemoteSwiftPackageReference "firebase-ios-sdk" */,
				2935A0822AE2892D00DDA81A /* XCRemoteSwiftPackageReference "Kingfisher" */,
				2935A0852AE2893C00DDA81A /* XCRemoteSwiftPackageReference "Reusable" */,
			);
			productRefGroup = 2935A0362AE1E13200DDA81A /* Products */;
			projectDirPath = "";
			projectRoot = "";
			targets = (
				2935A0342AE1E13200DDA81A /* movie_papcorns_ios */,
			);
		};
/* End PBXProject section */

/* Begin PBXResourcesBuildPhase section */
		2935A0332AE1E13200DDA81A /* Resources */ = {
			isa = PBXResourcesBuildPhase;
			buildActionMask = 2147483647;
			files = (
				2935A0452AE1E13200DDA81A /* LaunchScreen.storyboard in Resources */,
				2935A0642AE1E59800DDA81A /* DiscoverViewController.xib in Resources */,
				2935A0692AE1F43C00DDA81A /* GoogleService-Info.plist in Resources */,
				2935A0942AE28B5500DDA81A /* BigImageView.xib in Resources */,
				2935A0602AE1E58D00DDA81A /* FavoritesViewController.xib in Resources */,
				2935A0422AE1E13200DDA81A /* Assets.xcassets in Resources */,
			);
			runOnlyForDeploymentPostprocessing = 0;
		};
/* End PBXResourcesBuildPhase section */

/* Begin PBXSourcesBuildPhase section */
		2935A0312AE1E13200DDA81A /* Sources */ = {
			isa = PBXSourcesBuildPhase;
			buildActionMask = 2147483647;
			files = (
				2935A0982AE28C6200DDA81A /* MoviesManager.swift in Sources */,
				2935A0392AE1E13200DDA81A /* AppDelegate.swift in Sources */,
				2935A05A2AE1E55800DDA81A /* TabBarItemType.swift in Sources */,
				2935A0632AE1E59800DDA81A /* DiscoverViewController.swift in Sources */,
				2935A0732AE1F98300DDA81A /* Content.swift in Sources */,
				2935A0702AE1F4D800DDA81A /* FirebaseManager.swift in Sources */,
				2935A0892AE2894F00DDA81A /* BaseCollectionViewCell.swift in Sources */,
				2935A0582AE1E51E00DDA81A /* TabbarController.swift in Sources */,
				2935A0532AE1E2B400DDA81A /* ImageManager.swift in Sources */,
				2935A08D2AE289BB00DDA81A /* UIImageView+Ext.swift in Sources */,
				2935A0672AE1E72600DDA81A /* UIColor+Ext.swift in Sources */,
				2935A05F2AE1E58D00DDA81A /* FavoritesViewController.swift in Sources */,
				2935A0962AE28B6600DDA81A /* BigImageView.swift in Sources */,
				2935A0772AE1FA1100DDA81A /* DiscoverViewModel.swift in Sources */,
				2935A07C2AE2866900DDA81A /* UserDefaultWrapper.swift in Sources */,
				2935A0552AE1E50400DDA81A /* BaseViewController.swift in Sources */,
				2935A0902AE28AF100DDA81A /* BaseView.swift in Sources */,
				2935A0752AE1F9B400DDA81A /* Category.swift in Sources */,
				2935A0792AE1FA1B00DDA81A /* FavoritesViewModel.swift in Sources */,
			);
			runOnlyForDeploymentPostprocessing = 0;
		};
/* End PBXSourcesBuildPhase section */

/* Begin PBXVariantGroup section */
		2935A0432AE1E13200DDA81A /* LaunchScreen.storyboard */ = {
			isa = PBXVariantGroup;
			children = (
				2935A0442AE1E13200DDA81A /* Base */,
			);
			name = LaunchScreen.storyboard;
			sourceTree = "<group>";
		};
/* End PBXVariantGroup section */

/* Begin XCBuildConfiguration section */
		2935A0472AE1E13200DDA81A /* Debug */ = {
			isa = XCBuildConfiguration;
			buildSettings = {
				ALWAYS_SEARCH_USER_PATHS = NO;
				CLANG_ANALYZER_NONNULL = YES;
				CLANG_ANALYZER_NUMBER_OBJECT_CONVERSION = YES_AGGRESSIVE;
				CLANG_CXX_LANGUAGE_STANDARD = "gnu++20";
				CLANG_ENABLE_MODULES = YES;
				CLANG_ENABLE_OBJC_ARC = YES;
				CLANG_ENABLE_OBJC_WEAK = YES;
				CLANG_WARN_BLOCK_CAPTURE_AUTORELEASING = YES;
				CLANG_WARN_BOOL_CONVERSION = YES;
				CLANG_WARN_COMMA = YES;
				CLANG_WARN_CONSTANT_CONVERSION = YES;
				CLANG_WARN_DEPRECATED_OBJC_IMPLEMENTATIONS = YES;
				CLANG_WARN_DIRECT_OBJC_ISA_USAGE = YES_ERROR;
				CLANG_WARN_DOCUMENTATION_COMMENTS = YES;
				CLANG_WARN_EMPTY_BODY = YES;
				CLANG_WARN_ENUM_CONVERSION = YES;
				CLANG_WARN_INFINITE_RECURSION = YES;
				CLANG_WARN_INT_CONVERSION = YES;
				CLANG_WARN_NON_LITERAL_NULL_CONVERSION = YES;
				CLANG_WARN_OBJC_IMPLICIT_RETAIN_SELF = YES;
				CLANG_WARN_OBJC_LITERAL_CONVERSION = YES;
				CLANG_WARN_OBJC_ROOT_CLASS = YES_ERROR;
				CLANG_WARN_QUOTED_INCLUDE_IN_FRAMEWORK_HEADER = YES;
				CLANG_WARN_RANGE_LOOP_ANALYSIS = YES;
				CLANG_WARN_STRICT_PROTOTYPES = YES;
				CLANG_WARN_SUSPICIOUS_MOVE = YES;
				CLANG_WARN_UNGUARDED_AVAILABILITY = YES_AGGRESSIVE;
				CLANG_WARN_UNREACHABLE_CODE = YES;
				CLANG_WARN__DUPLICATE_METHOD_MATCH = YES;
				COPY_PHASE_STRIP = NO;
				DEBUG_INFORMATION_FORMAT = dwarf;
				ENABLE_STRICT_OBJC_MSGSEND = YES;
				ENABLE_TESTABILITY = YES;
				GCC_C_LANGUAGE_STANDARD = gnu11;
				GCC_DYNAMIC_NO_PIC = NO;
				GCC_NO_COMMON_BLOCKS = YES;
				GCC_OPTIMIZATION_LEVEL = 0;
				GCC_PREPROCESSOR_DEFINITIONS = (
					"DEBUG=1",
					"$(inherited)",
				);
				GCC_WARN_64_TO_32_BIT_CONVERSION = YES;
				GCC_WARN_ABOUT_RETURN_TYPE = YES_ERROR;
				GCC_WARN_UNDECLARED_SELECTOR = YES;
				GCC_WARN_UNINITIALIZED_AUTOS = YES_AGGRESSIVE;
				GCC_WARN_UNUSED_FUNCTION = YES;
				GCC_WARN_UNUSED_VARIABLE = YES;
				IPHONEOS_DEPLOYMENT_TARGET = 16.4;
				MTL_ENABLE_DEBUG_INFO = INCLUDE_SOURCE;
				MTL_FAST_MATH = YES;
				ONLY_ACTIVE_ARCH = YES;
				SDKROOT = iphoneos;
				SWIFT_ACTIVE_COMPILATION_CONDITIONS = DEBUG;
				SWIFT_OPTIMIZATION_LEVEL = "-Onone";
			};
			name = Debug;
		};
		2935A0482AE1E13200DDA81A /* Release */ = {
			isa = XCBuildConfiguration;
			buildSettings = {
				ALWAYS_SEARCH_USER_PATHS = NO;
				CLANG_ANALYZER_NONNULL = YES;
				CLANG_ANALYZER_NUMBER_OBJECT_CONVERSION = YES_AGGRESSIVE;
				CLANG_CXX_LANGUAGE_STANDARD = "gnu++20";
				CLANG_ENABLE_MODULES = YES;
				CLANG_ENABLE_OBJC_ARC = YES;
				CLANG_ENABLE_OBJC_WEAK = YES;
				CLANG_WARN_BLOCK_CAPTURE_AUTORELEASING = YES;
				CLANG_WARN_BOOL_CONVERSION = YES;
				CLANG_WARN_COMMA = YES;
				CLANG_WARN_CONSTANT_CONVERSION = YES;
				CLANG_WARN_DEPRECATED_OBJC_IMPLEMENTATIONS = YES;
				CLANG_WARN_DIRECT_OBJC_ISA_USAGE = YES_ERROR;
				CLANG_WARN_DOCUMENTATION_COMMENTS = YES;
				CLANG_WARN_EMPTY_BODY = YES;
				CLANG_WARN_ENUM_CONVERSION = YES;
				CLANG_WARN_INFINITE_RECURSION = YES;
				CLANG_WARN_INT_CONVERSION = YES;
				CLANG_WARN_NON_LITERAL_NULL_CONVERSION = YES;
				CLANG_WARN_OBJC_IMPLICIT_RETAIN_SELF = YES;
				CLANG_WARN_OBJC_LITERAL_CONVERSION = YES;
				CLANG_WARN_OBJC_ROOT_CLASS = YES_ERROR;
				CLANG_WARN_QUOTED_INCLUDE_IN_FRAMEWORK_HEADER = YES;
				CLANG_WARN_RANGE_LOOP_ANALYSIS = YES;
				CLANG_WARN_STRICT_PROTOTYPES = YES;
				CLANG_WARN_SUSPICIOUS_MOVE = YES;
				CLANG_WARN_UNGUARDED_AVAILABILITY = YES_AGGRESSIVE;
				CLANG_WARN_UNREACHABLE_CODE = YES;
				CLANG_WARN__DUPLICATE_METHOD_MATCH = YES;
				COPY_PHASE_STRIP = NO;
				DEBUG_INFORMATION_FORMAT = "dwarf-with-dsym";
				ENABLE_NS_ASSERTIONS = NO;
				ENABLE_STRICT_OBJC_MSGSEND = YES;
				GCC_C_LANGUAGE_STANDARD = gnu11;
				GCC_NO_COMMON_BLOCKS = YES;
				GCC_WARN_64_TO_32_BIT_CONVERSION = YES;
				GCC_WARN_ABOUT_RETURN_TYPE = YES_ERROR;
				GCC_WARN_UNDECLARED_SELECTOR = YES;
				GCC_WARN_UNINITIALIZED_AUTOS = YES_AGGRESSIVE;
				GCC_WARN_UNUSED_FUNCTION = YES;
				GCC_WARN_UNUSED_VARIABLE = YES;
				IPHONEOS_DEPLOYMENT_TARGET = 16.4;
				MTL_ENABLE_DEBUG_INFO = NO;
				MTL_FAST_MATH = YES;
				SDKROOT = iphoneos;
				SWIFT_COMPILATION_MODE = wholemodule;
				SWIFT_OPTIMIZATION_LEVEL = "-O";
				VALIDATE_PRODUCT = YES;
			};
			name = Release;
		};
		2935A04A2AE1E13200DDA81A /* Debug */ = {
			isa = XCBuildConfiguration;
			buildSettings = {
				ASSETCATALOG_COMPILER_APPICON_NAME = AppIcon;
				ASSETCATALOG_COMPILER_GLOBAL_ACCENT_COLOR_NAME = AccentColor;
				CODE_SIGN_STYLE = Automatic;
				CURRENT_PROJECT_VERSION = 1;
				DEVELOPMENT_TEAM = XV7TT5DZBM;
				GENERATE_INFOPLIST_FILE = YES;
				INFOPLIST_FILE = movie_papcorns_ios/Info.plist;
				INFOPLIST_KEY_UIApplicationSupportsIndirectInputEvents = YES;
				INFOPLIST_KEY_UILaunchStoryboardName = LaunchScreen;
				INFOPLIST_KEY_UISupportedInterfaceOrientations = UIInterfaceOrientationPortrait;
				INFOPLIST_KEY_UISupportedInterfaceOrientations_iPad = "UIInterfaceOrientationLandscapeLeft UIInterfaceOrientationLandscapeRight UIInterfaceOrientationPortrait UIInterfaceOrientationPortraitUpsideDown";
				IPHONEOS_DEPLOYMENT_TARGET = 13.0;
				LD_RUNPATH_SEARCH_PATHS = (
					"$(inherited)",
					"@executable_path/Frameworks",
				);
				MARKETING_VERSION = 1.0;
				PRODUCT_BUNDLE_IDENTIFIER = papcorns.test.com;
				PRODUCT_NAME = "$(TARGET_NAME)";
				SUPPORTED_PLATFORMS = "iphoneos iphonesimulator";
				SUPPORTS_MACCATALYST = NO;
				SUPPORTS_MAC_DESIGNED_FOR_IPHONE_IPAD = NO;
				SWIFT_EMIT_LOC_STRINGS = YES;
				SWIFT_VERSION = 5.0;
				TARGETED_DEVICE_FAMILY = 1;
			};
			name = Debug;
		};
		2935A04B2AE1E13200DDA81A /* Release */ = {
			isa = XCBuildConfiguration;
			buildSettings = {
				ASSETCATALOG_COMPILER_APPICON_NAME = AppIcon;
				ASSETCATALOG_COMPILER_GLOBAL_ACCENT_COLOR_NAME = AccentColor;
				CODE_SIGN_STYLE = Automatic;
				CURRENT_PROJECT_VERSION = 1;
				DEVELOPMENT_TEAM = XV7TT5DZBM;
				GENERATE_INFOPLIST_FILE = YES;
				INFOPLIST_FILE = movie_papcorns_ios/Info.plist;
				INFOPLIST_KEY_UIApplicationSupportsIndirectInputEvents = YES;
				INFOPLIST_KEY_UILaunchStoryboardName = LaunchScreen;
				INFOPLIST_KEY_UISupportedInterfaceOrientations = UIInterfaceOrientationPortrait;
				INFOPLIST_KEY_UISupportedInterfaceOrientations_iPad = "UIInterfaceOrientationLandscapeLeft UIInterfaceOrientationLandscapeRight UIInterfaceOrientationPortrait UIInterfaceOrientationPortraitUpsideDown";
				IPHONEOS_DEPLOYMENT_TARGET = 13.0;
				LD_RUNPATH_SEARCH_PATHS = (
					"$(inherited)",
					"@executable_path/Frameworks",
				);
				MARKETING_VERSION = 1.0;
				PRODUCT_BUNDLE_IDENTIFIER = papcorns.test.com;
				PRODUCT_NAME = "$(TARGET_NAME)";
				SUPPORTED_PLATFORMS = "iphoneos iphonesimulator";
				SUPPORTS_MACCATALYST = NO;
				SUPPORTS_MAC_DESIGNED_FOR_IPHONE_IPAD = NO;
				SWIFT_EMIT_LOC_STRINGS = YES;
				SWIFT_VERSION = 5.0;
				TARGETED_DEVICE_FAMILY = 1;
			};
			name = Release;
		};
/* End XCBuildConfiguration section */

/* Begin XCConfigurationList section */
		2935A0302AE1E13200DDA81A /* Build configuration list for PBXProject "movie_papcorns_ios" */ = {
			isa = XCConfigurationList;
			buildConfigurations = (
				2935A0472AE1E13200DDA81A /* Debug */,
				2935A0482AE1E13200DDA81A /* Release */,
			);
			defaultConfigurationIsVisible = 0;
			defaultConfigurationName = Release;
		};
		2935A0492AE1E13200DDA81A /* Build configuration list for PBXNativeTarget "movie_papcorns_ios" */ = {
			isa = XCConfigurationList;
			buildConfigurations = (
				2935A04A2AE1E13200DDA81A /* Debug */,
				2935A04B2AE1E13200DDA81A /* Release */,
			);
			defaultConfigurationIsVisible = 0;
			defaultConfigurationName = Release;
		};
/* End XCConfigurationList section */

/* Begin XCRemoteSwiftPackageReference section */
		2935A06A2AE1F4BD00DDA81A /* XCRemoteSwiftPackageReference "firebase-ios-sdk" */ = {
			isa = XCRemoteSwiftPackageReference;
			repositoryURL = "https://github.com/firebase/firebase-ios-sdk.git";
			requirement = {
				kind = upToNextMajorVersion;
				minimumVersion = 10.0.0;
			};
		};
		2935A0822AE2892D00DDA81A /* XCRemoteSwiftPackageReference "Kingfisher" */ = {
			isa = XCRemoteSwiftPackageReference;
			repositoryURL = "https://github.com/onevcat/Kingfisher.git";
			requirement = {
				kind = upToNextMajorVersion;
				minimumVersion = 7.0.0;
			};
		};
		2935A0852AE2893C00DDA81A /* XCRemoteSwiftPackageReference "Reusable" */ = {
			isa = XCRemoteSwiftPackageReference;
			repositoryURL = "https://github.com/AliSoftware/Reusable";
			requirement = {
				kind = upToNextMajorVersion;
				minimumVersion = 4.0.0;
			};
		};
/* End XCRemoteSwiftPackageReference section */

/* Begin XCSwiftPackageProductDependency section */
		2935A06B2AE1F4BD00DDA81A /* FirebaseAuth */ = {
			isa = XCSwiftPackageProductDependency;
			package = 2935A06A2AE1F4BD00DDA81A /* XCRemoteSwiftPackageReference "firebase-ios-sdk" */;
			productName = FirebaseAuth;
		};
		2935A06D2AE1F4BD00DDA81A /* FirebaseFirestore */ = {
			isa = XCSwiftPackageProductDependency;
			package = 2935A06A2AE1F4BD00DDA81A /* XCRemoteSwiftPackageReference "firebase-ios-sdk" */;
			productName = FirebaseFirestore;
		};
		2935A0832AE2892D00DDA81A /* Kingfisher */ = {
			isa = XCSwiftPackageProductDependency;
			package = 2935A0822AE2892D00DDA81A /* XCRemoteSwiftPackageReference "Kingfisher" */;
			productName = Kingfisher;
		};
		2935A0862AE2893C00DDA81A /* Reusable */ = {
			isa = XCSwiftPackageProductDependency;
			package = 2935A0852AE2893C00DDA81A /* XCRemoteSwiftPackageReference "Reusable" */;
			productName = Reusable;
		};
/* End XCSwiftPackageProductDependency section */
	};
	rootObject = 2935A02D2AE1E13200DDA81A /* Project object */;
}
